
Microsoft Visual Studio Solution File, Format Version 12.00
# Visual Studio 15
VisualStudioVersion = 15.0.28307.421
MinimumVisualStudioVersion = 10.0.40219.1
Project("{FAE04EC0-301F-11D3-BF4B-00C04F79EFBC}") = "HashCode2019", "HashCode2019\HashCode2019.csproj", "{B4DF2346-4C49-4A2B-ADC0-56593EFFBC1F}"
EndProject
Global
	GlobalSection(SolutionConfigurationPlatforms) = preSolution
		Debug|Any CPU = Debug|Any CPU
		Release|Any CPU = Release|Any CPU
	EndGlobalSection
	GlobalSection(ProjectConfigurationPlatforms) = postSolution
		{B4DF2346-4C49-4A2B-ADC0-56593EFFBC1F}.Debug|Any CPU.ActiveCfg = Debug|Any CPU
		{B4DF2346-4C49-4A2B-ADC0-56593EFFBC1F}.Debug|Any CPU.Build.0 = Debug|Any CPU
		{B4DF2346-4C49-4A2B-ADC0-56593EFFBC1F}.Release|Any CPU.ActiveCfg = Release|Any CPU
		{B4DF2346-4C49-4A2B-ADC0-56593EFFBC1F}.Release|Any CPU.Build.0 = Release|Any CPU
	EndGlobalSection
	GlobalSection(SolutionProperties) = preSolution
		HideSolutionNode = FALSE
	EndGlobalSection
	GlobalSection(ExtensibilityGlobals) = postSolution
		SolutionGuid = {0E56F253-5C09-4C3F-AEFF-961FB1BFBDE9}
	EndGlobalSection
EndGlobal
